
Microsoft Visual Studio Solution File, Format Version 12.00
# Visual Studio 15
VisualStudioVersion = 15.0.28307.1585
MinimumVisualStudioVersion = 10.0.40219.1
Project("{FAE04EC0-301F-11D3-BF4B-00C04F79EFBC}") = "BusinessRuleEngine", "BusinessRuleEngine.csproj", "{B81947CF-B7B5-4496-B603-680F1C909959}"
EndProject
Global
	GlobalSection(SolutionConfigurationPlatforms) = preSolution
		Debug|Any CPU = Debug|Any CPU
		Release|Any CPU = Release|Any CPU
	EndGlobalSection
	GlobalSection(ProjectConfigurationPlatforms) = postSolution
		{B81947CF-B7B5-4496-B603-680F1C909959}.Debug|Any CPU.ActiveCfg = Debug|Any CPU
		{B81947CF-B7B5-4496-B603-680F1C909959}.Debug|Any CPU.Build.0 = Debug|Any CPU
		{B81947CF-B7B5-4496-B603-680F1C909959}.Release|Any CPU.ActiveCfg = Release|Any CPU
		{B81947CF-B7B5-4496-B603-680F1C909959}.Release|Any CPU.Build.0 = Release|Any CPU
	EndGlobalSection
	GlobalSection(SolutionProperties) = preSolution
		HideSolutionNode = FALSE
	EndGlobalSection
	GlobalSection(ExtensibilityGlobals) = postSolution
		SolutionGuid = {DD773DC2-5A4D-46F5-A75F-2DFEEAC8C3AD}
	EndGlobalSection
EndGlobal
